
Microsoft Visual Studio Solution File, Format Version 12.00
# Visual Studio Version 17
VisualStudioVersion = 17.0.31903.59
MinimumVisualStudioVersion = 10.0.40219.1
Project("{2150E333-8FDC-42A3-9474-1A3956D46DE8}") = "src", "src", "{827E0CD3-B72D-47B6-A68D-7590B98EB39B}"
EndProject
Project("{FAE04EC0-301F-11D3-BF4B-00C04F79EFBC}") = "OnibusExpress.Api", "src\OnibusExpress.Api\OnibusExpress.Api.csproj", "{98D373D6-DAB6-4761-92A5-E23677B312E6}"
EndProject
Project("{FAE04EC0-301F-11D3-BF4B-00C04F79EFBC}") = "OnibusExpress.Application", "src\OnibusExpress.Application\OnibusExpress.Application.csproj", "{07AFD260-0433-44D2-A061-9E8E6936FB2D}"
EndProject
Project("{FAE04EC0-301F-11D3-BF4B-00C04F79EFBC}") = "OnibusExpress.Domain", "src\OnibusExpress.Domain\OnibusExpress.Domain.csproj", "{A94DAF72-5DE7-42B1-A4E9-A104BF505C1A}"
EndProject
Project("{FAE04EC0-301F-11D3-BF4B-00C04F79EFBC}") = "OnibusExpress.Infrastructure", "src\OnibusExpress.Infrastructure\OnibusExpress.Infrastructure.csproj", "{EA627F0A-339D-421F-A18F-1A60F0438008}"
EndProject
Project("{2150E333-8FDC-42A3-9474-1A3956D46DE8}") = "tests", "tests", "{0AB3BF05-4346-4AA6-1389-037BE0695223}"
EndProject
Project("{FAE04EC0-301F-11D3-BF4B-00C04F79EFBC}") = "OnibusExpress.Tests", "tests\OnibusExpress.Tests\OnibusExpress.Tests.csproj", "{DA45A8D8-022D-4E77-BC72-C92CBC700167}"
EndProject
Global
	GlobalSection(SolutionConfigurationPlatforms) = preSolution
		Debug|Any CPU = Debug|Any CPU
		Debug|x64 = Debug|x64
		Debug|x86 = Debug|x86
		Release|Any CPU = Release|Any CPU
		Release|x64 = Release|x64
		Release|x86 = Release|x86
	EndGlobalSection
	GlobalSection(ProjectConfigurationPlatforms) = postSolution
		{98D373D6-DAB6-4761-92A5-E23677B312E6}.Debug|Any CPU.ActiveCfg = Debug|Any CPU
		{98D373D6-DAB6-4761-92A5-E23677B312E6}.Debug|Any CPU.Build.0 = Debug|Any CPU
		{98D373D6-DAB6-4761-92A5-E23677B312E6}.Debug|x64.ActiveCfg = Debug|Any CPU
		{98D373D6-DAB6-4761-92A5-E23677B312E6}.Debug|x64.Build.0 = Debug|Any CPU
		{98D373D6-DAB6-4761-92A5-E23677B312E6}.Debug|x86.ActiveCfg = Debug|Any CPU
		{98D373D6-DAB6-4761-92A5-E23677B312E6}.Debug|x86.Build.0 = Debug|Any CPU
		{98D373D6-DAB6-4761-92A5-E23677B312E6}.Release|Any CPU.ActiveCfg = Release|Any CPU
		{98D373D6-DAB6-4761-92A5-E23677B312E6}.Release|Any CPU.Build.0 = Release|Any CPU
		{98D373D6-DAB6-4761-92A5-E23677B312E6}.Release|x64.ActiveCfg = Release|Any CPU
		{98D373D6-DAB6-4761-92A5-E23677B312E6}.Release|x64.Build.0 = Release|Any CPU
		{98D373D6-DAB6-4761-92A5-E23677B312E6}.Release|x86.ActiveCfg = Release|Any CPU
		{98D373D6-DAB6-4761-92A5-E23677B312E6}.Release|x86.Build.0 = Release|Any CPU
		{07AFD260-0433-44D2-A061-9E8E6936FB2D}.Debug|Any CPU.ActiveCfg = Debug|Any CPU
		{07AFD260-0433-44D2-A061-9E8E6936FB2D}.Debug|Any CPU.Build.0 = Debug|Any CPU
		{07AFD260-0433-44D2-A061-9E8E6936FB2D}.Debug|x64.ActiveCfg = Debug|Any CPU
		{07AFD260-0433-44D2-A061-9E8E6936FB2D}.Debug|x64.Build.0 = Debug|Any CPU
		{07AFD260-0433-44D2-A061-9E8E6936FB2D}.Debug|x86.ActiveCfg = Debug|Any CPU
		{07AFD260-0433-44D2-A061-9E8E6936FB2D}.Debug|x86.Build.0 = Debug|Any CPU
		{07AFD260-0433-44D2-A061-9E8E6936FB2D}.Release|Any CPU.ActiveCfg = Release|Any CPU
		{07AFD260-0433-44D2-A061-9E8E6936FB2D}.Release|Any CPU.Build.0 = Release|Any CPU
		{07AFD260-0433-44D2-A061-9E8E6936FB2D}.Release|x64.ActiveCfg = Release|Any CPU
		{07AFD260-0433-44D2-A061-9E8E6936FB2D}.Release|x64.Build.0 = Release|Any CPU
		{07AFD260-0433-44D2-A061-9E8E6936FB2D}.Release|x86.ActiveCfg = Release|Any CPU
		{07AFD260-0433-44D2-A061-9E8E6936FB2D}.Release|x86.Build.0 = Release|Any CPU
		{A94DAF72-5DE7-42B1-A4E9-A104BF505C1A}.Debug|Any CPU.ActiveCfg = Debug|Any CPU
		{A94DAF72-5DE7-42B1-A4E9-A104BF505C1A}.Debug|Any CPU.Build.0 = Debug|Any CPU
		{A94DAF72-5DE7-42B1-A4E9-A104BF505C1A}.Debug|x64.ActiveCfg = Debug|Any CPU
		{A94DAF72-5DE7-42B1-A4E9-A104BF505C1A}.Debug|x64.Build.0 = Debug|Any CPU
		{A94DAF72-5DE7-42B1-A4E9-A104BF505C1A}.Debug|x86.ActiveCfg = Debug|Any CPU
		{A94DAF72-5DE7-42B1-A4E9-A104BF505C1A}.Debug|x86.Build.0 = Debug|Any CPU
		{A94DAF72-5DE7-42B1-A4E9-A104BF505C1A}.Release|Any CPU.ActiveCfg = Release|Any CPU
		{A94DAF72-5DE7-42B1-A4E9-A104BF505C1A}.Release|Any CPU.Build.0 = Release|Any CPU
		{A94DAF72-5DE7-42B1-A4E9-A104BF505C1A}.Release|x64.ActiveCfg = Release|Any CPU
		{A94DAF72-5DE7-42B1-A4E9-A104BF505C1A}.Release|x64.Build.0 = Release|Any CPU
		{A94DAF72-5DE7-42B1-A4E9-A104BF505C1A}.Release|x86.ActiveCfg = Release|Any CPU
		{A94DAF72-5DE7-42B1-A4E9-A104BF505C1A}.Release|x86.Build.0 = Release|Any CPU
		{EA627F0A-339D-421F-A18F-1A60F0438008}.Debug|Any CPU.ActiveCfg = Debug|Any CPU
		{EA627F0A-339D-421F-A18F-1A60F0438008}.Debug|Any CPU.Build.0 = Debug|Any CPU
		{EA627F0A-339D-421F-A18F-1A60F0438008}.Debug|x64.ActiveCfg = Debug|Any CPU
		{EA627F0A-339D-421F-A18F-1A60F0438008}.Debug|x64.Build.0 = Debug|Any CPU
		{EA627F0A-339D-421F-A18F-1A60F0438008}.Debug|x86.ActiveCfg = Debug|Any CPU
		{EA627F0A-339D-421F-A18F-1A60F0438008}.Debug|x86.Build.0 = Debug|Any CPU
		{EA627F0A-339D-421F-A18F-1A60F0438008}.Release|Any CPU.ActiveCfg = Release|Any CPU
		{EA627F0A-339D-421F-A18F-1A60F0438008}.Release|Any CPU.Build.0 = Release|Any CPU
		{EA627F0A-339D-421F-A18F-1A60F0438008}.Release|x64.ActiveCfg = Release|Any CPU
		{EA627F0A-339D-421F-A18F-1A60F0438008}.Release|x64.Build.0 = Release|Any CPU
		{EA627F0A-339D-421F-A18F-1A60F0438008}.Release|x86.ActiveCfg = Release|Any CPU
		{EA627F0A-339D-421F-A18F-1A60F0438008}.Release|x86.Build.0 = Release|Any CPU
		{DA45A8D8-022D-4E77-BC72-C92CBC700167}.Debug|Any CPU.ActiveCfg = Debug|Any CPU
		{DA45A8D8-022D-4E77-BC72-C92CBC700167}.Debug|Any CPU.Build.0 = Debug|Any CPU
		{DA45A8D8-022D-4E77-BC72-C92CBC700167}.Debug|x64.ActiveCfg = Debug|Any CPU
		{DA45A8D8-022D-4E77-BC72-C92CBC700167}.Debug|x64.Build.0 = Debug|Any CPU
		{DA45A8D8-022D-4E77-BC72-C92CBC700167}.Debug|x86.ActiveCfg = Debug|Any CPU
		{DA45A8D8-022D-4E77-BC72-C92CBC700167}.Debug|x86.Build.0 = Debug|Any CPU
		{DA45A8D8-022D-4E77-BC72-C92CBC700167}.Release|Any CPU.ActiveCfg = Release|Any CPU
		{DA45A8D8-022D-4E77-BC72-C92CBC700167}.Release|Any CPU.Build.0 = Release|Any CPU
		{DA45A8D8-022D-4E77-BC72-C92CBC700167}.Release|x64.ActiveCfg = Release|Any CPU
		{DA45A8D8-022D-4E77-BC72-C92CBC700167}.Release|x64.Build.0 = Release|Any CPU
		{DA45A8D8-022D-4E77-BC72-C92CBC700167}.Release|x86.ActiveCfg = Release|Any CPU
		{DA45A8D8-022D-4E77-BC72-C92CBC700167}.Release|x86.Build.0 = Release|Any CPU
	EndGlobalSection
	GlobalSection(SolutionProperties) = preSolution
		HideSolutionNode = FALSE
	EndGlobalSection
	GlobalSection(NestedProjects) = preSolution
		{98D373D6-DAB6-4761-92A5-E23677B312E6} = {827E0CD3-B72D-47B6-A68D-7590B98EB39B}
		{07AFD260-0433-44D2-A061-9E8E6936FB2D} = {827E0CD3-B72D-47B6-A68D-7590B98EB39B}
		{A94DAF72-5DE7-42B1-A4E9-A104BF505C1A} = {827E0CD3-B72D-47B6-A68D-7590B98EB39B}
		{EA627F0A-339D-421F-A18F-1A60F0438008} = {827E0CD3-B72D-47B6-A68D-7590B98EB39B}
		{DA45A8D8-022D-4E77-BC72-C92CBC700167} = {0AB3BF05-4346-4AA6-1389-037BE0695223}
	EndGlobalSection
EndGlobal
